
Microsoft Visual Studio Solution File, Format Version 12.00
# Visual Studio Version 17
VisualStudioVersion = 17.8.34309.116
MinimumVisualStudioVersion = 10.0.40219.1
Project("{9A19103F-16F7-4668-BE54-9A1E7A4F7556}") = "FunctionSample", "FunctionSample\FunctionSample.csproj", "{D5BB2377-254A-4740-8844-442F10589D50}"
EndProject
Global
	GlobalSection(SolutionConfigurationPlatforms) = preSolution
		Debug|Any CPU = Debug|Any CPU
		Release|Any CPU = Release|Any CPU
	EndGlobalSection
	GlobalSection(ProjectConfigurationPlatforms) = postSolution
		{D5BB2377-254A-4740-8844-442F10589D50}.Debug|Any CPU.ActiveCfg = Debug|Any CPU
		{D5BB2377-254A-4740-8844-442F10589D50}.Debug|Any CPU.Build.0 = Debug|Any CPU
		{D5BB2377-254A-4740-8844-442F10589D50}.Release|Any CPU.ActiveCfg = Release|Any CPU
		{D5BB2377-254A-4740-8844-442F10589D50}.Release|Any CPU.Build.0 = Release|Any CPU
	EndGlobalSection
	GlobalSection(SolutionProperties) = preSolution
		HideSolutionNode = FALSE
	EndGlobalSection
	GlobalSection(ExtensibilityGlobals) = postSolution
		SolutionGuid = {408AE20A-8388-4B73-898B-EDF5909C9F5C}
	EndGlobalSection
EndGlobal
